
Microsoft Visual Studio Solution File, Format Version 12.00
# Visual Studio Version 17
VisualStudioVersion = 17.2.32516.85
MinimumVisualStudioVersion = 10.0.40219.1
Project("{FAE04EC0-301F-11D3-BF4B-00C04F79EFBC}") = "UtariDictionary", "UtariDictionary.csproj", "{88E335AC-E390-4FFC-8772-7F0DC4D2E981}"
EndProject
Global
	GlobalSection(SolutionConfigurationPlatforms) = preSolution
		Debug|Any CPU = Debug|Any CPU
		Release|Any CPU = Release|Any CPU
	EndGlobalSection
	GlobalSection(ProjectConfigurationPlatforms) = postSolution
		{88E335AC-E390-4FFC-8772-7F0DC4D2E981}.Debug|Any CPU.ActiveCfg = Debug|Any CPU
		{88E335AC-E390-4FFC-8772-7F0DC4D2E981}.Debug|Any CPU.Build.0 = Debug|Any CPU
		{88E335AC-E390-4FFC-8772-7F0DC4D2E981}.Release|Any CPU.ActiveCfg = Release|Any CPU
		{88E335AC-E390-4FFC-8772-7F0DC4D2E981}.Release|Any CPU.Build.0 = Release|Any CPU
	EndGlobalSection
	GlobalSection(SolutionProperties) = preSolution
		HideSolutionNode = FALSE
	EndGlobalSection
	GlobalSection(ExtensibilityGlobals) = postSolution
		SolutionGuid = {9B67A861-24F2-42C5-9519-8B4972FFF903}
	EndGlobalSection
EndGlobal
